// !$*UTF8*$!
{
	archiveVersion = 1;
	classes = {
	};
	objectVersion = 50;
	objects = {

/* Begin PBXBuildFile section */
		8217D954240C015F0033A184 /* AppDelegate.swift in Sources */ = {isa = PBXBuildFile; fileRef = 8217D953240C015F0033A184 /* AppDelegate.swift */; };
		8217D958240C015F0033A184 /* ViewController.swift in Sources */ = {isa = PBXBuildFile; fileRef = 8217D957240C015F0033A184 /* ViewController.swift */; };
		8217D95B240C015F0033A184 /* Main.storyboard in Resources */ = {isa = PBXBuildFile; fileRef = 8217D959240C015F0033A184 /* Main.storyboard */; };
		8217D95D240C01630033A184 /* Assets.xcassets in Resources */ = {isa = PBXBuildFile; fileRef = 8217D95C240C01630033A184 /* Assets.xcassets */; };
		8217D960240C01630033A184 /* LaunchScreen.storyboard in Resources */ = {isa = PBXBuildFile; fileRef = 8217D95E240C01630033A184 /* LaunchScreen.storyboard */; };
		8217D988240C07A80033A184 /* SceneDelegate.swift in Sources */ = {isa = PBXBuildFile; fileRef = 8217D987240C07A70033A184 /* SceneDelegate.swift */; };
		8217D98C240C09E10033A184 /* CustomTableViewCell.swift in Sources */ = {isa = PBXBuildFile; fileRef = 8217D98A240C09E10033A184 /* CustomTableViewCell.swift */; };
		8217D98D240C09E10033A184 /* CustomTableViewCell.xib in Resources */ = {isa = PBXBuildFile; fileRef = 8217D98B240C09E10033A184 /* CustomTableViewCell.xib */; };
		825BA92B240C9507005CED49 /* HeaderTableViewCell.swift in Sources */ = {isa = PBXBuildFile; fileRef = 825BA929240C9507005CED49 /* HeaderTableViewCell.swift */; };
		825BA92C240C9507005CED49 /* HeaderTableViewCell.xib in Resources */ = {isa = PBXBuildFile; fileRef = 825BA92A240C9507005CED49 /* HeaderTableViewCell.xib */; };
		825BA92E240C9C2D005CED49 /* ExpandableCell.swift in Sources */ = {isa = PBXBuildFile; fileRef = 825BA92D240C9C2D005CED49 /* ExpandableCell.swift */; };
/* End PBXBuildFile section */

/* Begin PBXFileReference section */
		8217D950240C015F0033A184 /* SectionalContactTableview.app */ = {isa = PBXFileReference; explicitFileType = wrapper.application; includeInIndex = 0; path = SectionalContactTableview.app; sourceTree = BUILT_PRODUCTS_DIR; };
		8217D953240C015F0033A184 /* AppDelegate.swift */ = {isa = PBXFileReference; lastKnownFileType = sourcecode.swift; path = AppDelegate.swift; sourceTree = "<group>"; };
		8217D957240C015F0033A184 /* ViewController.swift */ = {isa = PBXFileReference; lastKnownFileType = sourcecode.swift; path = ViewController.swift; sourceTree = "<group>"; };
		8217D95A240C015F0033A184 /* Base */ = {isa = PBXFileReference; lastKnownFileType = file.storyboard; name = Base; path = Base.lproj/Main.storyboard; sourceTree = "<group>"; };
		8217D95C240C01630033A184 /* Assets.xcassets */ = {isa = PBXFileReference; lastKnownFileType = folder.assetcatalog; path = Assets.xcassets; sourceTree = "<group>"; };
		8217D95F240C01630033A184 /* Base */ = {isa = PBXFileReference; lastKnownFileType = file.storyboard; name = Base; path = Base.lproj/LaunchScreen.storyboard; sourceTree = "<group>"; };
		8217D961240C01630033A184 /* Info.plist */ = {isa = PBXFileReference; lastKnownFileType = text.plist.xml; path = Info.plist; sourceTree = "<group>"; };
		8217D987240C07A70033A184 /* SceneDelegate.swift */ = {isa = PBXFileReference; fileEncoding = 4; lastKnownFileType = sourcecode.swift; path = SceneDelegate.swift; sourceTree = "<group>"; };
		8217D98A240C09E10033A184 /* CustomTableViewCell.swift */ = {isa = PBXFileReference; lastKnownFileType = sourcecode.swift; path = CustomTableViewCell.swift; sourceTree = "<group>"; };
		8217D98B240C09E10033A184 /* CustomTableViewCell.xib */ = {isa = PBXFileReference; lastKnownFileType = file.xib; path = CustomTableViewCell.xib; sourceTree = "<group>"; };
		825BA929240C9507005CED49 /* HeaderTableViewCell.swift */ = {isa = PBXFileReference; lastKnownFileType = sourcecode.swift; path = HeaderTableViewCell.swift; sourceTree = "<group>"; };
		825BA92A240C9507005CED49 /* HeaderTableViewCell.xib */ = {isa = PBXFileReference; lastKnownFileType = file.xib; path = HeaderTableViewCell.xib; sourceTree = "<group>"; };
		825BA92D240C9C2D005CED49 /* ExpandableCell.swift */ = {isa = PBXFileReference; lastKnownFileType = sourcecode.swift; path = ExpandableCell.swift; sourceTree = "<group>"; };
/* End PBXFileReference section */

/* Begin PBXFrameworksBuildPhase section */
		8217D94D240C015F0033A184 /* Frameworks */ = {
			isa = PBXFrameworksBuildPhase;
			buildActionMask = 2147483647;
			files = (
			);
			runOnlyForDeploymentPostprocessing = 0;
		};
/* End PBXFrameworksBuildPhase section */

/* Begin PBXGroup section */
		8217D947240C015F0033A184 = {
			isa = PBXGroup;
			children = (
				8217D952240C015F0033A184 /* SectionalContactTableview */,
				8217D951240C015F0033A184 /* Products */,
			);
			sourceTree = "<group>";
		};
		8217D951240C015F0033A184 /* Products */ = {
			isa = PBXGroup;
			children = (
				8217D950240C015F0033A184 /* SectionalContactTableview.app */,
			);
			name = Products;
			sourceTree = "<group>";
		};
		8217D952240C015F0033A184 /* SectionalContactTableview */ = {
			isa = PBXGroup;
			children = (
				8217D989240C099A0033A184 /* customCell */,
				8217D953240C015F0033A184 /* AppDelegate.swift */,
				8217D957240C015F0033A184 /* ViewController.swift */,
				8217D987240C07A70033A184 /* SceneDelegate.swift */,
				8217D959240C015F0033A184 /* Main.storyboard */,
				8217D95C240C01630033A184 /* Assets.xcassets */,
				8217D95E240C01630033A184 /* LaunchScreen.storyboard */,
				8217D961240C01630033A184 /* Info.plist */,
				825BA92D240C9C2D005CED49 /* ExpandableCell.swift */,
			);
			path = SectionalContactTableview;
			sourceTree = "<group>";
		};
		8217D989240C099A0033A184 /* customCell */ = {
			isa = PBXGroup;
			children = (
				8217D98A240C09E10033A184 /* CustomTableViewCell.swift */,
				8217D98B240C09E10033A184 /* CustomTableViewCell.xib */,
				825BA929240C9507005CED49 /* HeaderTableViewCell.swift */,
				825BA92A240C9507005CED49 /* HeaderTableViewCell.xib */,
			);
			path = customCell;
			sourceTree = "<group>";
		};
/* End PBXGroup section */

/* Begin PBXNativeTarget section */
		8217D94F240C015F0033A184 /* SectionalContactTableview */ = {
			isa = PBXNativeTarget;
			buildConfigurationList = 8217D964240C01630033A184 /* Build configuration list for PBXNativeTarget "SectionalContactTableview" */;
			buildPhases = (
				8217D94C240C015F0033A184 /* Sources */,
				8217D94D240C015F0033A184 /* Frameworks */,
				8217D94E240C015F0033A184 /* Resources */,
			);
			buildRules = (
			);
			dependencies = (
			);
			name = SectionalContactTableview;
			productName = SectionalContactTableview;
			productReference = 8217D950240C015F0033A184 /* SectionalContactTableview.app */;
			productType = "com.apple.product-type.application";
		};
/* End PBXNativeTarget section */

/* Begin PBXProject section */
		8217D948240C015F0033A184 /* Project object */ = {
			isa = PBXProject;
			attributes = {
				LastSwiftUpdateCheck = 1110;
				LastUpgradeCheck = 1110;
				ORGANIZATIONNAME = doh;
				TargetAttributes = {
					8217D94F240C015F0033A184 = {
						CreatedOnToolsVersion = 11.1;
					};
				};
			};
			buildConfigurationList = 8217D94B240C015F0033A184 /* Build configuration list for PBXProject "SectionalContactTableview" */;
			compatibilityVersion = "Xcode 9.3";
			developmentRegion = en;
			hasScannedForEncodings = 0;
			knownRegions = (
				en,
				Base,
			);
			mainGroup = 8217D947240C015F0033A184;
			productRefGroup = 8217D951240C015F0033A184 /* Products */;
			projectDirPath = "";
			projectRoot = "";
			targets = (
				8217D94F240C015F0033A184 /* SectionalContactTableview */,
			);
		};
/* End PBXProject section */

/* Begin PBXResourcesBuildPhase section */
		8217D94E240C015F0033A184 /* Resources */ = {
			isa = PBXResourcesBuildPhase;
			buildActionMask = 2147483647;
			files = (
				8217D960240C01630033A184 /* LaunchScreen.storyboard in Resources */,
				8217D95D240C01630033A184 /* Assets.xcassets in Resources */,
				8217D98D240C09E10033A184 /* CustomTableViewCell.xib in Resources */,
				825BA92C240C9507005CED49 /* HeaderTableViewCell.xib in Resources */,
				8217D95B240C015F0033A184 /* Main.storyboard in Resources */,
			);
			runOnlyForDeploymentPostprocessing = 0;
		};
/* End PBXResourcesBuildPhase section */

/* Begin PBXSourcesBuildPhase section */
		8217D94C240C015F0033A184 /* Sources */ = {
			isa = PBXSourcesBuildPhase;
			buildActionMask = 2147483647;
			files = (
				8217D958240C015F0033A184 /* ViewController.swift in Sources */,
				825BA92B240C9507005CED49 /* HeaderTableViewCell.swift in Sources */,
				8217D954240C015F0033A184 /* AppDelegate.swift in Sources */,
				8217D98C240C09E10033A184 /* CustomTableViewCell.swift in Sources */,
				8217D988240C07A80033A184 /* SceneDelegate.swift in Sources */,
				825BA92E240C9C2D005CED49 /* ExpandableCell.swift in Sources */,
			);
			runOnlyForDeploymentPostprocessing = 0;
		};
/* End PBXSourcesBuildPhase section */

/* Begin PBXVariantGroup section */
		8217D959240C015F0033A184 /* Main.storyboard */ = {
			isa = PBXVariantGroup;
			children = (
				8217D95A240C015F0033A184 /* Base */,
			);
			name = Main.storyboard;
			sourceTree = "<group>";
		};
		8217D95E240C01630033A184 /* LaunchScreen.storyboard */ = {
			isa = PBXVariantGroup;
			children = (
				8217D95F240C01630033A184 /* Base */,
			);
			name = LaunchScreen.storyboard;
			sourceTree = "<group>";
		};
/* End PBXVariantGroup section */

/* Begin XCBuildConfiguration section */
		8217D962240C01630033A184 /* Debug */ = {
			isa = XCBuildConfiguration;
			buildSettings = {
				ALWAYS_SEARCH_USER_PATHS = NO;
				CLANG_ANALYZER_NONNULL = YES;
				CLANG_ANALYZER_NUMBER_OBJECT_CONVERSION = YES_AGGRESSIVE;
				CLANG_CXX_LANGUAGE_STANDARD = "gnu++14";
				CLANG_CXX_LIBRARY = "libc++";
				CLANG_ENABLE_MODULES = YES;
				CLANG_ENABLE_OBJC_ARC = YES;
				CLANG_ENABLE_OBJC_WEAK = YES;
				CLANG_WARN_BLOCK_CAPTURE_AUTORELEASING = YES;
				CLANG_WARN_BOOL_CONVERSION = YES;
				CLANG_WARN_COMMA = YES;
				CLANG_WARN_CONSTANT_CONVERSION = YES;
				CLANG_WARN_DEPRECATED_OBJC_IMPLEMENTATIONS = YES;
				CLANG_WARN_DIRECT_OBJC_ISA_USAGE = YES_ERROR;
				CLANG_WARN_DOCUMENTATION_COMMENTS = YES;
				CLANG_WARN_EMPTY_BODY = YES;
				CLANG_WARN_ENUM_CONVERSION = YES;
				CLANG_WARN_INFINITE_RECURSION = YES;
				CLANG_WARN_INT_CONVERSION = YES;
				CLANG_WARN_NON_LITERAL_NULL_CONVERSION = YES;
				CLANG_WARN_OBJC_IMPLICIT_RETAIN_SELF = YES;
				CLANG_WARN_OBJC_LITERAL_CONVERSION = YES;
				CLANG_WARN_OBJC_ROOT_CLASS = YES_ERROR;
				CLANG_WARN_RANGE_LOOP_ANALYSIS = YES;
				CLANG_WARN_STRICT_PROTOTYPES = YES;
				CLANG_WARN_SUSPICIOUS_MOVE = YES;
				CLANG_WARN_UNGUARDED_AVAILABILITY = YES_AGGRESSIVE;
				CLANG_WARN_UNREACHABLE_CODE = YES;
				CLANG_WARN__DUPLICATE_METHOD_MATCH = YES;
				COPY_PHASE_STRIP = NO;
				DEBUG_INFORMATION_FORMAT = dwarf;
				ENABLE_STRICT_OBJC_MSGSEND = YES;
				ENABLE_TESTABILITY = YES;
				GCC_C_LANGUAGE_STANDARD = gnu11;
				GCC_DYNAMIC_NO_PIC = NO;
				GCC_NO_COMMON_BLOCKS = YES;
				GCC_OPTIMIZATION_LEVEL = 0;
				GCC_PREPROCESSOR_DEFINITIONS = (
					"DEBUG=1",
					"$(inherited)",
				);
				GCC_WARN_64_TO_32_BIT_CONVERSION = YES;
				GCC_WARN_ABOUT_RETURN_TYPE = YES_ERROR;
				GCC_WARN_UNDECLARED_SELECTOR = YES;
				GCC_WARN_UNINITIALIZED_AUTOS = YES_AGGRESSIVE;
				GCC_WARN_UNUSED_FUNCTION = YES;
				GCC_WARN_UNUSED_VARIABLE = YES;
				IPHONEOS_DEPLOYMENT_TARGET = 10.0;
				MTL_ENABLE_DEBUG_INFO = INCLUDE_SOURCE;
				MTL_FAST_MATH = YES;
				ONLY_ACTIVE_ARCH = YES;
				SDKROOT = iphoneos;
				SWIFT_ACTIVE_COMPILATION_CONDITIONS = DEBUG;
				SWIFT_OPTIMIZATION_LEVEL = "-Onone";
			};
			name = Debug;
		};
		8217D963240C01630033A184 /* Release */ = {
			isa = XCBuildConfiguration;
			buildSettings = {
				ALWAYS_SEARCH_USER_PATHS = NO;
				CLANG_ANALYZER_NONNULL = YES;
				CLANG_ANALYZER_NUMBER_OBJECT_CONVERSION = YES_AGGRESSIVE;
				CLANG_CXX_LANGUAGE_STANDARD = "gnu++14";
				CLANG_CXX_LIBRARY = "libc++";
				CLANG_ENABLE_MODULES = YES;
				CLANG_ENABLE_OBJC_ARC = YES;
				CLANG_ENABLE_OBJC_WEAK = YES;
				CLANG_WARN_BLOCK_CAPTURE_AUTORELEASING = YES;
				CLANG_WARN_BOOL_CONVERSION = YES;
				CLANG_WARN_COMMA = YES;
				CLANG_WARN_CONSTANT_CONVERSION = YES;
				CLANG_WARN_DEPRECATED_OBJC_IMPLEMENTATIONS = YES;
				CLANG_WARN_DIRECT_OBJC_ISA_USAGE = YES_ERROR;
				CLANG_WARN_DOCUMENTATION_COMMENTS = YES;
				CLANG_WARN_EMPTY_BODY = YES;
				CLANG_WARN_ENUM_CONVERSION = YES;
				CLANG_WARN_INFINITE_RECURSION = YES;
				CLANG_WARN_INT_CONVERSION = YES;
				CLANG_WARN_NON_LITERAL_NULL_CONVERSION = YES;
				CLANG_WARN_OBJC_IMPLICIT_RETAIN_SELF = YES;
				CLANG_WARN_OBJC_LITERAL_CONVERSION = YES;
				CLANG_WARN_OBJC_ROOT_CLASS = YES_ERROR;
				CLANG_WARN_RANGE_LOOP_ANALYSIS = YES;
				CLANG_WARN_STRICT_PROTOTYPES = YES;
				CLANG_WARN_SUSPICIOUS_MOVE = YES;
				CLANG_WARN_UNGUARDED_AVAILABILITY = YES_AGGRESSIVE;
				CLANG_WARN_UNREACHABLE_CODE = YES;
				CLANG_WARN__DUPLICATE_METHOD_MATCH = YES;
				COPY_PHASE_STRIP = NO;
				DEBUG_INFORMATION_FORMAT = "dwarf-with-dsym";
				ENABLE_NS_ASSERTIONS = NO;
				ENABLE_STRICT_OBJC_MSGSEND = YES;
				GCC_C_LANGUAGE_STANDARD = gnu11;
				GCC_NO_COMMON_BLOCKS = YES;
				GCC_WARN_64_TO_32_BIT_CONVERSION = YES;
				GCC_WARN_ABOUT_RETURN_TYPE = YES_ERROR;
				GCC_WARN_UNDECLARED_SELECTOR = YES;
				GCC_WARN_UNINITIALIZED_AUTOS = YES_AGGRESSIVE;
				GCC_WARN_UNUSED_FUNCTION = YES;
				GCC_WARN_UNUSED_VARIABLE = YES;
				IPHONEOS_DEPLOYMENT_TARGET = 10.0;
				MTL_ENABLE_DEBUG_INFO = NO;
				MTL_FAST_MATH = YES;
				SDKROOT = iphoneos;
				SWIFT_COMPILATION_MODE = wholemodule;
				SWIFT_OPTIMIZATION_LEVEL = "-O";
				VALIDATE_PRODUCT = YES;
			};
			name = Release;
		};
		8217D965240C01630033A184 /* Debug */ = {
			isa = XCBuildConfiguration;
			buildSettings = {
				ASSETCATALOG_COMPILER_APPICON_NAME = AppIcon;
				CODE_SIGN_STYLE = Automatic;
				DEVELOPMENT_TEAM = DZHAL8F38Z;
				INFOPLIST_FILE = SectionalContactTableview/Info.plist;
				IPHONEOS_DEPLOYMENT_TARGET = 10.0;
				LD_RUNPATH_SEARCH_PATHS = (
					"$(inherited)",
					"@executable_path/Frameworks",
				);
				PRODUCT_BUNDLE_IDENTIFIER = habib.SectionalContactTableview;
				PRODUCT_NAME = "$(TARGET_NAME)";
				SWIFT_VERSION = 5.0;
				TARGETED_DEVICE_FAMILY = "1,2";
			};
			name = Debug;
		};
		8217D966240C01630033A184 /* Release */ = {
			isa = XCBuildConfiguration;
			buildSettings = {
				ASSETCATALOG_COMPILER_APPICON_NAME = AppIcon;
				CODE_SIGN_STYLE = Automatic;
				DEVELOPMENT_TEAM = DZHAL8F38Z;
				INFOPLIST_FILE = SectionalContactTableview/Info.plist;
				IPHONEOS_DEPLOYMENT_TARGET = 10.0;
				LD_RUNPATH_SEARCH_PATHS = (
					"$(inherited)",
					"@executable_path/Frameworks",
				);
				PRODUCT_BUNDLE_IDENTIFIER = habib.SectionalContactTableview;
				PRODUCT_NAME = "$(TARGET_NAME)";
				SWIFT_VERSION = 5.0;
				TARGETED_DEVICE_FAMILY = "1,2";
			};
			name = Release;
		};
/* End XCBuildConfiguration section */

/* Begin XCConfigurationList section */
		8217D94B240C015F0033A184 /* Build configuration list for PBXProject "SectionalContactTableview" */ = {
			isa = XCConfigurationList;
			buildConfigurations = (
				8217D962240C01630033A184 /* Debug */,
				8217D963240C01630033A184 /* Release */,
			);
			defaultConfigurationIsVisible = 0;
			defaultConfigurationName = Release;
		};
		8217D964240C01630033A184 /* Build configuration list for PBXNativeTarget "SectionalContactTableview" */ = {
			isa = XCConfigurationList;
			buildConfigurations = (
				8217D965240C01630033A184 /* Debug */,
				8217D966240C01630033A184 /* Release */,
			);
			defaultConfigurationIsVisible = 0;
			defaultConfigurationName = Release;
		};
/* End XCConfigurationList section */
	};
	rootObject = 8217D948240C015F0033A184 /* Project object */;
}
